
Microsoft Visual Studio Solution File, Format Version 12.00
# Visual Studio Version 16
VisualStudioVersion = 16.0.29613.14
MinimumVisualStudioVersion = 10.0.40219.1
Project("{FAE04EC0-301F-11D3-BF4B-00C04F79EFBC}") = "PowershellHelpToMd", "PowershellHelpToMd.csproj", "{9A1EC7A1-B86F-4EDB-ACDC-FCCD1B04D127}"
EndProject
Global
	GlobalSection(SolutionConfigurationPlatforms) = preSolution
		Debug|Any CPU = Debug|Any CPU
		Release|Any CPU = Release|Any CPU
	EndGlobalSection
	GlobalSection(ProjectConfigurationPlatforms) = postSolution
		{9A1EC7A1-B86F-4EDB-ACDC-FCCD1B04D127}.Debug|Any CPU.ActiveCfg = Debug|Any CPU
		{9A1EC7A1-B86F-4EDB-ACDC-FCCD1B04D127}.Debug|Any CPU.Build.0 = Debug|Any CPU
		{9A1EC7A1-B86F-4EDB-ACDC-FCCD1B04D127}.Release|Any CPU.ActiveCfg = Release|Any CPU
		{9A1EC7A1-B86F-4EDB-ACDC-FCCD1B04D127}.Release|Any CPU.Build.0 = Release|Any CPU
	EndGlobalSection
	GlobalSection(SolutionProperties) = preSolution
		HideSolutionNode = FALSE
	EndGlobalSection
	GlobalSection(ExtensibilityGlobals) = postSolution
		SolutionGuid = {72845E64-0BBB-4F55-9304-B25EA333F320}
	EndGlobalSection
EndGlobal
